{"format_version":"1.0","provider_schemas":{"registry.terraform.io/cudoventures/cudo":{"provider":{"version":0,"block":{"attributes":{"api_key":{"type":"string","description":"Your API key","description_kind":"markdown","optional":true},"billing_account_id":{"type":"string","description":"Which billing account id to create resources in","description_kind":"markdown","optional":true},"disable_tls":{"type":"bool","description":"Whether to connect the API endpoint using TLS","description_kind":"markdown","optional":true},"project_id":{"type":"string","description":"Which project id to use","description_kind":"markdown","optional":true},"remote_addr":{"type":"string","description":"API endpoint","description_kind":"markdown","optional":true}},"description_kind":"plain"}},"resource_schemas":{"cudo_network":{"version":0,"block":{"attributes":{"data_center_id":{"type":"string","description":"The unique identifier of the datacenter where the network is located.","description_kind":"markdown","required":true},"external_ip_address":{"type":"string","description":"External IP of the network router","description_kind":"markdown","computed":true},"gateway":{"type":"string","description":"Internal IP of the network gateway","description_kind":"markdown","computed":true},"id":{"type":"string","description":"Network ID","description_kind":"markdown","required":true},"internal_ip_address":{"type":"string","description":"Internal IP of the network router","description_kind":"markdown","computed":true},"ip_range":{"type":"string","description":"IP range of network in CIDR format e.g 192.168.0.0/24","description_kind":"markdown","required":true}},"description":"Network resource","description_kind":"markdown"}},"cudo_security_group":{"version":0,"block":{"attributes":{"data_center_id":{"type":"string","description":"The unique identifier of the datacenter where the network is located.","description_kind":"markdown","required":true},"description":{"type":"string","description":"Description of the security group","description_kind":"markdown","optional":true,"computed":true},"id":{"type":"string","description":"Security Group ID","description_kind":"markdown","required":true},"rules":{"nested_type":{"attributes":{"icmp_type":{"type":"string","description":"Specific ICMP type of the rule. If a type has multiple codes, it includes all the codes within. This can only be used with ICMP","description_kind":"plain","optional":true},"id":{"type":"string","description":"The unique identifier of the rule","description_kind":"plain","computed":true},"ip_range":{"type":"string","description":"A single IP address or CIDR format range to apply rule to","description_kind":"plain","optional":true},"ports":{"type":"string","description":"A comma separated list of ports (80,443,8080) or a single port range (1024:2048)","description_kind":"plain","optional":true},"protocol":{"type":"string","description":"Protocol for rule, use one of: all, tcp, udp, icmp, icmpv6, ipsec","description_kind":"plain","optional":true,"computed":true},"rule_type":{"type":"string","description":"Type for rule either 'inbound' or 'outbound'","description_kind":"plain","required":true}},"nesting_mode":"list"},"description":"List of security group rules","description_kind":"plain","required":true}},"description":"Security group resource","description_kind":"markdown"}},"cudo_storage_disk":{"version":0,"block":{"attributes":{"data_center_id":{"type":"string","description":"The unique identifier of the datacenter where the disk is located.","description_kind":"markdown","required":true},"id":{"type":"string","description":"The unique identifier of the storage disk","description_kind":"plain","required":true},"project_id":{"type":"string","description":"The project the storage disk is in.","description_kind":"markdown","optional":true},"size_gib":{"type":"number","description":"Size of the storage disk in GiB","description_kind":"plain","required":true}},"description":"Storage disk resource","description_kind":"markdown"}},"cudo_vm":{"version":0,"block":{"attributes":{"boot_disk":{"nested_type":{"attributes":{"image_id":{"type":"string","description":"ID of OS image on boot disk","description_kind":"markdown","required":true},"size_gib":{"type":"number","description":"Size of boot disk in Gib","description_kind":"markdown","optional":true,"computed":true}},"nesting_mode":"single"},"description":"Specification for boot disk","description_kind":"markdown","required":true},"commitment_months":{"type":"number","description":"The minimum length of time to commit to the VM instance. It cannot be deleted before the commitment end date.","description_kind":"markdown","optional":true,"computed":true},"cpu_model":{"type":"string","description":"The model of the CPU.","description_kind":"markdown","optional":true,"computed":true},"data_center_id":{"type":"string","description":"The id of the datacenter where the VM instance is located.","description_kind":"markdown","optional":true,"computed":true},"external_ip_address":{"type":"string","description":"The external IP address of the VM instance.","description_kind":"markdown","computed":true},"gpu_model":{"type":"string","description":"The model of the GPU.","description_kind":"markdown","optional":true,"computed":true},"gpus":{"type":"number","description":"Number of GPUs","description_kind":"markdown","optional":true,"computed":true},"id":{"type":"string","description":"ID for VM within project","description_kind":"markdown","required":true},"internal_ip_address":{"type":"string","description":"The internal IP address of the VM instance.","description_kind":"markdown","computed":true},"machine_type":{"type":"string","description":"VM machine type","description_kind":"markdown","optional":true,"computed":true},"memory_gib":{"type":"number","description":"Amount of memory in GiB","description_kind":"markdown","optional":true},"metadata":{"type":["map","string"],"description":"Metadata values to associate with the VM instance","description_kind":"markdown","optional":true},"networks":{"nested_type":{"attributes":{"assign_public_ip":{"type":"bool","description":"Assign a public IP to the NIC","description_kind":"markdown","optional":true},"external_ip_address":{"type":"string","description":"The external IP address of the NIC.","description_kind":"markdown","computed":true},"internal_ip_address":{"type":"string","description":"The internal IP address of the NIC.","description_kind":"markdown","computed":true},"network_id":{"type":"string","description":"ID of private network to attach the NIC to","description_kind":"markdown","required":true},"security_group_ids":{"type":["set","string"],"description":"Security groups to assign to the NIC","description_kind":"markdown","optional":true}},"nesting_mode":"list"},"description":"Network adapters for private networks","description_kind":"markdown","optional":true},"password":{"type":"string","description":"Root password for linux, or Admin password for windows","description_kind":"markdown","optional":true,"sensitive":true},"project_id":{"type":"string","description":"The project the VM instance is in.","description_kind":"markdown","optional":true},"renewable_energy":{"type":"bool","description":"Whether the VM instance is powered by renewable energy","description_kind":"markdown","computed":true},"security_group_ids":{"type":["set","string"],"description":"Security groups to assign to the VM when using public networking","description_kind":"markdown","optional":true},"ssh_key_source":{"type":"string","description":"Which SSH keys to add to the VM: project (default), user or custom","description_kind":"markdown","optional":true},"ssh_keys":{"type":["list","string"],"description":"List of SSH keys to add to the VM, ssh_key_source must be set to custom","description_kind":"markdown","optional":true},"start_script":{"type":"string","description":"A script to run when VM boots","description_kind":"markdown","optional":true},"storage_disks":{"nested_type":{"attributes":{"disk_id":{"type":"string","description":"ID of storage disk to attach to vm","description_kind":"markdown","required":true}},"nesting_mode":"set"},"description":"Specification for storage disks","description_kind":"markdown","optional":true},"vcpus":{"type":"number","description":"Number of VCPUs","description_kind":"markdown","optional":true}},"description":"VM resource","description_kind":"markdown"}},"cudo_vm_image":{"version":0,"block":{"attributes":{"data_center_id":{"type":"string","description":"The ID of the data center where the image is located.","description_kind":"markdown","computed":true},"id":{"type":"string","description":"Image ID","description_kind":"markdown","required":true},"size_gib":{"type":"number","description":"Size of the image in GiB","description_kind":"markdown","computed":true},"source":{"nested_type":{"attributes":{"vm_id":{"type":"string","description":"The ID of the VM with the disk to generate an image from.","description_kind":"markdown","required":true}},"nesting_mode":"single"},"description":"The source vm disk or snapshot to generate the image from","description_kind":"markdown","required":true}},"description":"Image resource","description_kind":"markdown"}}},"data_source_schemas":{"cudo_network":{"version":0,"block":{"attributes":{"data_center_id":{"type":"string","description":"The id of the datacenter where the network is located.","description_kind":"markdown","computed":true},"external_ip_address":{"type":"string","description":"External IP of the network router","description_kind":"markdown","computed":true},"gateway":{"type":"string","description":"IP of the gateway for the network","description_kind":"markdown","computed":true},"id":{"type":"string","description":"Network ID","description_kind":"markdown","required":true},"internal_ip_address":{"type":"string","description":"Internal IP of the network router","description_kind":"markdown","computed":true},"ip_range":{"type":"string","description":"IP Range in CIDR format e.g 192.168.0.0/24","description_kind":"markdown","computed":true}},"description":"Network data source","description_kind":"markdown"}},"cudo_security_group":{"version":0,"block":{"attributes":{"data_center_id":{"type":"string","description":"Datacenter ID to request security groups from","description_kind":"markdown","computed":true},"description":{"type":"string","description":"Security group description","description_kind":"markdown","computed":true},"id":{"type":"string","description":"Security Group ID.","description_kind":"plain","required":true},"rules":{"nested_type":{"attributes":{"icmp_type":{"type":"string","description":"ICMP type","description_kind":"markdown","computed":true},"id":{"type":"string","description":"Rule ID","description_kind":"markdown","computed":true},"ip_range":{"type":"string","description":"IP range","description_kind":"markdown","computed":true},"ports":{"type":"string","description":"Image size in GiB","description_kind":"markdown","computed":true},"protocol":{"type":"string","description":"Image size in GiB","description_kind":"markdown","computed":true},"rule_type":{"type":"string","description":"Image size in GiB","description_kind":"markdown","computed":true}},"nesting_mode":"list"},"description":"List of rules in security group","description_kind":"plain","computed":true}},"description":"Security groups data source","description_kind":"markdown"}},"cudo_storage_disk":{"version":0,"block":{"attributes":{"data_center_id":{"type":"string","description":"The unique identifier of the datacenter where the disk is located.","description_kind":"plain","computed":true},"id":{"type":"string","description":"Storage disk ID.","description_kind":"plain","required":true},"project_id":{"type":"string","description":"The unique identifier of the project the disk is in.","description_kind":"plain","optional":true},"size_gib":{"type":"number","description":"Size of the storage disk in GiB","description_kind":"plain","computed":true}},"description":"Disk data source","description_kind":"markdown"}},"cudo_vm":{"version":0,"block":{"attributes":{"boot_disk_size_gib":{"type":"number","description":"The size of the boot disk in gibibytes (GiB).","description_kind":"markdown","computed":true},"cpu_model":{"type":"string","description":"The model of the CPU.","description_kind":"markdown","computed":true},"data_center_id":{"type":"string","description":"The unique identifier of the datacenter where the VM instance is located.","description_kind":"markdown","computed":true},"external_ip_address":{"type":"string","description":"The external IP address of the VM instance.","description_kind":"markdown","computed":true},"gpu_model":{"type":"string","description":"The model of the GPU.","description_kind":"markdown","computed":true},"gpus":{"type":"number","description":"The number of GPUs attached to the VM instance.","description_kind":"markdown","computed":true},"id":{"type":"string","description":"The unique identifier of the VM instance.","description_kind":"markdown","required":true},"image_id":{"type":"string","description":"The unique identifier of the image used to create the VM instance.","description_kind":"markdown","computed":true},"internal_ip_address":{"type":"string","description":"The internal IP address of the VM instance.","description_kind":"markdown","computed":true},"memory_gib":{"type":"number","description":"The amount of memory allocated to the VM instance.","description_kind":"markdown","computed":true},"metadata":{"type":["map","string"],"description":"The key value pairs to associate with the VM.","description_kind":"markdown","optional":true},"project_id":{"type":"string","description":"The unique identifier of the project the VM is in.","description_kind":"markdown","optional":true},"vcpus":{"type":"number","description_kind":"plain","computed":true}},"description":"VM data source","description_kind":"markdown"}},"cudo_vm_data_centers":{"version":0,"block":{"attributes":{"data_centers":{"nested_type":{"attributes":{"id":{"type":"string","description":"Data center identifier","description_kind":"markdown","computed":true}},"nesting_mode":"list"},"description":"List of data centers.","description_kind":"plain","computed":true},"id":{"type":"string","description":"Identifier attribute.","description_kind":"plain","computed":true}},"description":"VM data centers data source","description_kind":"markdown"}},"cudo_vm_images":{"version":0,"block":{"attributes":{"id":{"type":"string","description":"Placeholder identifier attribute.","description_kind":"plain","computed":true},"images":{"nested_type":{"attributes":{"description":{"type":"string","description":"Image description","description_kind":"markdown","computed":true},"id":{"type":"string","description":"Image identifier","description_kind":"markdown","computed":true},"name":{"type":"string","description":"Image name","description_kind":"markdown","computed":true},"size_gib":{"type":"string","description":"Image size in GiB","description_kind":"markdown","computed":true}},"nesting_mode":"list"},"description":"List of images.","description_kind":"plain","computed":true}},"description":"Images data source","description_kind":"markdown"}}}}}}
